
Microsoft Visual Studio Solution File, Format Version 12.00
# Visual Studio Version 17
VisualStudioVersion = 17.8.34525.116
MinimumVisualStudioVersion = 10.0.40219.1
Project("{FAE04EC0-301F-11D3-BF4B-00C04F79EFBC}") = "2Y2S_Integ1A_Magic8Ball", "2Y2S_Integ1A_Magic8Ball\2Y2S_Integ1A_Magic8Ball.csproj", "{B51AA9C7-1A8E-4BCE-BEB6-517A5B462F12}"
EndProject
Global
	GlobalSection(SolutionConfigurationPlatforms) = preSolution
		Debug|Any CPU = Debug|Any CPU
		Release|Any CPU = Release|Any CPU
	EndGlobalSection
	GlobalSection(ProjectConfigurationPlatforms) = postSolution
		{B51AA9C7-1A8E-4BCE-BEB6-517A5B462F12}.Debug|Any CPU.ActiveCfg = Debug|Any CPU
		{B51AA9C7-1A8E-4BCE-BEB6-517A5B462F12}.Debug|Any CPU.Build.0 = Debug|Any CPU
		{B51AA9C7-1A8E-4BCE-BEB6-517A5B462F12}.Release|Any CPU.ActiveCfg = Release|Any CPU
		{B51AA9C7-1A8E-4BCE-BEB6-517A5B462F12}.Release|Any CPU.Build.0 = Release|Any CPU
	EndGlobalSection
	GlobalSection(SolutionProperties) = preSolution
		HideSolutionNode = FALSE
	EndGlobalSection
	GlobalSection(ExtensibilityGlobals) = postSolution
		SolutionGuid = {01C0938A-A1F8-458D-993E-BD8D0E49B53D}
	EndGlobalSection
EndGlobal
